
Microsoft Visual Studio Solution File, Format Version 12.00
# Visual Studio Version 17
VisualStudioVersion = 17.11.35222.181
MinimumVisualStudioVersion = 10.0.40219.1
Project("{2150E333-8FDC-42A3-9474-1A3956D46DE8}") = "Task0", "Task0", "{FDF5CEFB-7E88-448F-B198-C0864C65C231}"
EndProject
Project("{9A19103F-16F7-4668-BE54-9A1E7A4F7556}") = "Tyuiu.MiliukovLO.Sprint6.Task0.V19.Test", "Tyuiu.MiliukovLO.Sprint6.Task0.V19.Test\Tyuiu.MiliukovLO.Sprint6.Task0.V19.Test.csproj", "{41039CCB-F9D9-4ED8-BBE0-6CDEA752DAF5}"
EndProject
Project("{9A19103F-16F7-4668-BE54-9A1E7A4F7556}") = "Tyuiu.MiliukovLO.Sprint6.Task0.V19.Lib", "Tyuiu.MiliukovLO.Sprint6.Task0.V19.Lib\Tyuiu.MiliukovLO.Sprint6.Task0.V19.Lib.csproj", "{9262F2EF-39E2-4BA0-85C4-C7225D3690D5}"
EndProject
Project("{9A19103F-16F7-4668-BE54-9A1E7A4F7556}") = "Tyuiu.MiliukovLO.Sprint6.Task0.V19", "Tyuiu.MiliukovLO.Sprint6.Task0.V19\Tyuiu.MiliukovLO.Sprint6.Task0.V19.csproj", "{1BACEE81-C0DB-4239-9AD6-DF5EF0B0D30D}"
EndProject
Project("{2150E333-8FDC-42A3-9474-1A3956D46DE8}") = "Task1", "Task1", "{5955729C-21F7-493D-9F03-B133399B7630}"
EndProject
Project("{9A19103F-16F7-4668-BE54-9A1E7A4F7556}") = "Tyuiu.MiliukovLO.Sprint6.Task1.V28", "Tyuiu.MiliukovLO.Sprint6.Task1.V28\Tyuiu.MiliukovLO.Sprint6.Task1.V28.csproj", "{8E2C4B6C-3FC1-4F20-B34C-DD4A3634E9BF}"
EndProject
Project("{9A19103F-16F7-4668-BE54-9A1E7A4F7556}") = "Tyuiu.MiliukovLO.Sprint6.Task1.V28.Test", "Tyuiu.MiliukovLO.Sprint6.Task1.V28.Test\Tyuiu.MiliukovLO.Sprint6.Task1.V28.Test.csproj", "{F391B4EF-E010-49E9-83E9-8C0CBF178FFA}"
EndProject
Project("{9A19103F-16F7-4668-BE54-9A1E7A4F7556}") = "Tyuiu.MiliukovLO.Sprint6.Task1.V28.Lib", "Tyuiu.MiliukovLO.Sprint6.Task1.V28.Lib\Tyuiu.MiliukovLO.Sprint6.Task1.V28.Lib.csproj", "{2C647D9F-C10C-4AFD-9970-BBB4EA234859}"
EndProject
Project("{2150E333-8FDC-42A3-9474-1A3956D46DE8}") = "Task2", "Task2", "{885EFC12-578A-4898-957F-115FC6C9260A}"
EndProject
Project("{9A19103F-16F7-4668-BE54-9A1E7A4F7556}") = "Tyuiu.MiliukovLO.Sprint6.Task2.V21", "Tyuiu.MiliukovLO.Sprint6.Task2.V21\Tyuiu.MiliukovLO.Sprint6.Task2.V21.csproj", "{406B2D33-81AB-4863-B12F-C57095B5A24E}"
EndProject
Project("{9A19103F-16F7-4668-BE54-9A1E7A4F7556}") = "Tyuiu.MiliukovLO.Sprint6.Task2.V21.Test", "Tyuiu.MiliukovLO.Sprint6.Task2.V21.Test\Tyuiu.MiliukovLO.Sprint6.Task2.V21.Test.csproj", "{390A25B9-7592-4016-BC0D-E798C753016C}"
EndProject
Project("{9A19103F-16F7-4668-BE54-9A1E7A4F7556}") = "Tyuiu.MiliukovLO.Sprint6.Task2.V21.Lib", "Tyuiu.MiliukovLO.Sprint6.Task2.V21.Lib\Tyuiu.MiliukovLO.Sprint6.Task2.V21.Lib.csproj", "{E424EF9F-D9BB-4C5F-86A3-8CAA89E09014}"
EndProject
Project("{2150E333-8FDC-42A3-9474-1A3956D46DE8}") = "Task3", "Task3", "{DB682B6A-1AAC-4E9F-8B79-7E26A798A173}"
EndProject
Project("{9A19103F-16F7-4668-BE54-9A1E7A4F7556}") = "Tyuiu.MiliukovLO.Sprint6.Task3.V21", "Tyuiu.MiliukovLO.Sprint6.Task3.V21\Tyuiu.MiliukovLO.Sprint6.Task3.V21.csproj", "{DF6EC8E6-ECAA-409A-B9C8-129CAC3466C1}"
EndProject
Project("{9A19103F-16F7-4668-BE54-9A1E7A4F7556}") = "Tyuiu.MiliukovLO.Sprint6.Task3.V21.Test", "Tyuiu.MiliukovLO.Sprint6.Task3.V21.Test\Tyuiu.MiliukovLO.Sprint6.Task3.V21.Test.csproj", "{720E4B4A-37E1-4423-8A98-0BDD7C303365}"
EndProject
Project("{9A19103F-16F7-4668-BE54-9A1E7A4F7556}") = "Tyuiu.MiliukovLO.Sprint6.Task3.V21.Lib", "Tyuiu.MiliukovLO.Sprint6.Task3.V21.Lib\Tyuiu.MiliukovLO.Sprint6.Task3.V21.Lib.csproj", "{DCBA3B0E-0383-49AF-BC60-A7CC3017172B}"
EndProject
Project("{2150E333-8FDC-42A3-9474-1A3956D46DE8}") = "Task4", "Task4", "{FE54205B-C723-4D6D-A570-7DE1D91EBF02}"
EndProject
Project("{9A19103F-16F7-4668-BE54-9A1E7A4F7556}") = "Tyuiu.MiliukovLO.Sprint6.Task4.V19", "Tyuiu.MiliukovLO.Sprint6.Task4.V19\Tyuiu.MiliukovLO.Sprint6.Task4.V19.csproj", "{A7390F5A-4118-493F-A68F-76EDE06A496E}"
EndProject
Project("{9A19103F-16F7-4668-BE54-9A1E7A4F7556}") = "Tyuiu.MiliukovLO.Sprint6.Task4.V19.Test", "Tyuiu.MiliukovLO.Sprint6.Task4.V19.Test\Tyuiu.MiliukovLO.Sprint6.Task4.V19.Test.csproj", "{3D31441E-5C1C-449A-B079-337C2E5C491A}"
EndProject
Project("{9A19103F-16F7-4668-BE54-9A1E7A4F7556}") = "Tyuiu.MiliukovLO.Sprint6.Task4.V19.Lib", "Tyuiu.MiliukovLO.Sprint6.Task4.V19.Lib\Tyuiu.MiliukovLO.Sprint6.Task4.V19.Lib.csproj", "{4C7A5FBC-976B-4E94-A52D-1BDF0E89DC16}"
EndProject
Project("{2150E333-8FDC-42A3-9474-1A3956D46DE8}") = "Task5", "Task5", "{BE71F314-FDAE-4E3F-9590-58D7F68D94AE}"
EndProject
Project("{9A19103F-16F7-4668-BE54-9A1E7A4F7556}") = "Tyuiu.MiliukovLO.Sprint6.Task5.V15", "Tyuiu.MiliukovLO.Sprint6.Task5.V15\Tyuiu.MiliukovLO.Sprint6.Task5.V15.csproj", "{5809DC44-CC5F-4E8E-BACD-9663AD628C98}"
EndProject
Project("{9A19103F-16F7-4668-BE54-9A1E7A4F7556}") = "Tyuiu.MiliukovLO.Sprint6.Task5.V15.Test", "Tyuiu.MiliukovLO.Sprint6.Task5.V15.Test\Tyuiu.MiliukovLO.Sprint6.Task5.V15.Test.csproj", "{F38EAC3F-225B-48E5-88BA-0CDA8F2F2AFC}"
EndProject
Project("{9A19103F-16F7-4668-BE54-9A1E7A4F7556}") = "Tyuiu.MiliukovLO.Sprint6.Task5.V15.Lib", "Tyuiu.MiliukovLO.Sprint6.Task5.V15.Lib\Tyuiu.MiliukovLO.Sprint6.Task5.V15.Lib.csproj", "{75A12810-7FA2-4DFA-AEA8-A54515EADF63}"
EndProject
Project("{2150E333-8FDC-42A3-9474-1A3956D46DE8}") = "InputData", "InputData", "{D01CED85-FBA7-42B4-8E60-6E3BE9C5D55A}"
	ProjectSection(SolutionItems) = preProject
		InPutDataTask5V15.txt = InPutDataTask5V15.txt
		InPutDataTask6V4.txt = InPutDataTask6V4.txt
	EndProjectSection
EndProject
Project("{2150E333-8FDC-42A3-9474-1A3956D46DE8}") = "Task6", "Task6", "{9B1496BD-4834-4DF9-905C-D28F7CC1CA8E}"
EndProject
Project("{9A19103F-16F7-4668-BE54-9A1E7A4F7556}") = "Tyuiu.MiliukovLO.Sprint6.Task6.V4.Lib", "Tyuiu.MiliukovLO.Sprint6.Task6.V4.Lib\Tyuiu.MiliukovLO.Sprint6.Task6.V4.Lib.csproj", "{46E321AE-ADBA-45FC-87FB-16BA705FFDFE}"
EndProject
Project("{9A19103F-16F7-4668-BE54-9A1E7A4F7556}") = "Tyuiu.MiliukovLO.Sprint6.Task6.V4", "Tyuiu.MiliukovLO.Sprint6.Task6.V4\Tyuiu.MiliukovLO.Sprint6.Task6.V4.csproj", "{798C3B99-3AB5-4F2B-9A6B-9EEEF8DEB4B0}"
EndProject
Project("{FAE04EC0-301F-11D3-BF4B-00C04F79EFBC}") = "Tyuiu.MiliukovLO.Sprint6.Task6.V4.Test", "Tyuiu.MiliukovLO.Sprint6.Task6.V4.Test\Tyuiu.MiliukovLO.Sprint6.Task6.V4.Test.csproj", "{7D783361-53D3-490A-9D4B-E1268A8990A9}"
EndProject
Global
	GlobalSection(SolutionConfigurationPlatforms) = preSolution
		Debug|Any CPU = Debug|Any CPU
		Release|Any CPU = Release|Any CPU
	EndGlobalSection
	GlobalSection(ProjectConfigurationPlatforms) = postSolution
		{41039CCB-F9D9-4ED8-BBE0-6CDEA752DAF5}.Debug|Any CPU.ActiveCfg = Debug|Any CPU
		{41039CCB-F9D9-4ED8-BBE0-6CDEA752DAF5}.Debug|Any CPU.Build.0 = Debug|Any CPU
		{41039CCB-F9D9-4ED8-BBE0-6CDEA752DAF5}.Release|Any CPU.ActiveCfg = Release|Any CPU
		{41039CCB-F9D9-4ED8-BBE0-6CDEA752DAF5}.Release|Any CPU.Build.0 = Release|Any CPU
		{9262F2EF-39E2-4BA0-85C4-C7225D3690D5}.Debug|Any CPU.ActiveCfg = Debug|Any CPU
		{9262F2EF-39E2-4BA0-85C4-C7225D3690D5}.Debug|Any CPU.Build.0 = Debug|Any CPU
		{9262F2EF-39E2-4BA0-85C4-C7225D3690D5}.Release|Any CPU.ActiveCfg = Release|Any CPU
		{9262F2EF-39E2-4BA0-85C4-C7225D3690D5}.Release|Any CPU.Build.0 = Release|Any CPU
		{1BACEE81-C0DB-4239-9AD6-DF5EF0B0D30D}.Debug|Any CPU.ActiveCfg = Debug|Any CPU
		{1BACEE81-C0DB-4239-9AD6-DF5EF0B0D30D}.Debug|Any CPU.Build.0 = Debug|Any CPU
		{1BACEE81-C0DB-4239-9AD6-DF5EF0B0D30D}.Release|Any CPU.ActiveCfg = Release|Any CPU
		{1BACEE81-C0DB-4239-9AD6-DF5EF0B0D30D}.Release|Any CPU.Build.0 = Release|Any CPU
		{8E2C4B6C-3FC1-4F20-B34C-DD4A3634E9BF}.Debug|Any CPU.ActiveCfg = Debug|Any CPU
		{8E2C4B6C-3FC1-4F20-B34C-DD4A3634E9BF}.Debug|Any CPU.Build.0 = Debug|Any CPU
		{8E2C4B6C-3FC1-4F20-B34C-DD4A3634E9BF}.Release|Any CPU.ActiveCfg = Release|Any CPU
		{8E2C4B6C-3FC1-4F20-B34C-DD4A3634E9BF}.Release|Any CPU.Build.0 = Release|Any CPU
		{F391B4EF-E010-49E9-83E9-8C0CBF178FFA}.Debug|Any CPU.ActiveCfg = Debug|Any CPU
		{F391B4EF-E010-49E9-83E9-8C0CBF178FFA}.Debug|Any CPU.Build.0 = Debug|Any CPU
		{F391B4EF-E010-49E9-83E9-8C0CBF178FFA}.Release|Any CPU.ActiveCfg = Release|Any CPU
		{F391B4EF-E010-49E9-83E9-8C0CBF178FFA}.Release|Any CPU.Build.0 = Release|Any CPU
		{2C647D9F-C10C-4AFD-9970-BBB4EA234859}.Debug|Any CPU.ActiveCfg = Debug|Any CPU
		{2C647D9F-C10C-4AFD-9970-BBB4EA234859}.Debug|Any CPU.Build.0 = Debug|Any CPU
		{2C647D9F-C10C-4AFD-9970-BBB4EA234859}.Release|Any CPU.ActiveCfg = Release|Any CPU
		{2C647D9F-C10C-4AFD-9970-BBB4EA234859}.Release|Any CPU.Build.0 = Release|Any CPU
		{406B2D33-81AB-4863-B12F-C57095B5A24E}.Debug|Any CPU.ActiveCfg = Debug|Any CPU
		{406B2D33-81AB-4863-B12F-C57095B5A24E}.Debug|Any CPU.Build.0 = Debug|Any CPU
		{406B2D33-81AB-4863-B12F-C57095B5A24E}.Release|Any CPU.ActiveCfg = Release|Any CPU
		{406B2D33-81AB-4863-B12F-C57095B5A24E}.Release|Any CPU.Build.0 = Release|Any CPU
		{390A25B9-7592-4016-BC0D-E798C753016C}.Debug|Any CPU.ActiveCfg = Debug|Any CPU
		{390A25B9-7592-4016-BC0D-E798C753016C}.Debug|Any CPU.Build.0 = Debug|Any CPU
		{390A25B9-7592-4016-BC0D-E798C753016C}.Release|Any CPU.ActiveCfg = Release|Any CPU
		{390A25B9-7592-4016-BC0D-E798C753016C}.Release|Any CPU.Build.0 = Release|Any CPU
		{E424EF9F-D9BB-4C5F-86A3-8CAA89E09014}.Debug|Any CPU.ActiveCfg = Debug|Any CPU
		{E424EF9F-D9BB-4C5F-86A3-8CAA89E09014}.Debug|Any CPU.Build.0 = Debug|Any CPU
		{E424EF9F-D9BB-4C5F-86A3-8CAA89E09014}.Release|Any CPU.ActiveCfg = Release|Any CPU
		{E424EF9F-D9BB-4C5F-86A3-8CAA89E09014}.Release|Any CPU.Build.0 = Release|Any CPU
		{DF6EC8E6-ECAA-409A-B9C8-129CAC3466C1}.Debug|Any CPU.ActiveCfg = Debug|Any CPU
		{DF6EC8E6-ECAA-409A-B9C8-129CAC3466C1}.Debug|Any CPU.Build.0 = Debug|Any CPU
		{DF6EC8E6-ECAA-409A-B9C8-129CAC3466C1}.Release|Any CPU.ActiveCfg = Release|Any CPU
		{DF6EC8E6-ECAA-409A-B9C8-129CAC3466C1}.Release|Any CPU.Build.0 = Release|Any CPU
		{720E4B4A-37E1-4423-8A98-0BDD7C303365}.Debug|Any CPU.ActiveCfg = Debug|Any CPU
		{720E4B4A-37E1-4423-8A98-0BDD7C303365}.Debug|Any CPU.Build.0 = Debug|Any CPU
		{720E4B4A-37E1-4423-8A98-0BDD7C303365}.Release|Any CPU.ActiveCfg = Release|Any CPU
		{720E4B4A-37E1-4423-8A98-0BDD7C303365}.Release|Any CPU.Build.0 = Release|Any CPU
		{DCBA3B0E-0383-49AF-BC60-A7CC3017172B}.Debug|Any CPU.ActiveCfg = Debug|Any CPU
		{DCBA3B0E-0383-49AF-BC60-A7CC3017172B}.Debug|Any CPU.Build.0 = Debug|Any CPU
		{DCBA3B0E-0383-49AF-BC60-A7CC3017172B}.Release|Any CPU.ActiveCfg = Release|Any CPU
		{DCBA3B0E-0383-49AF-BC60-A7CC3017172B}.Release|Any CPU.Build.0 = Release|Any CPU
		{A7390F5A-4118-493F-A68F-76EDE06A496E}.Debug|Any CPU.ActiveCfg = Debug|Any CPU
		{A7390F5A-4118-493F-A68F-76EDE06A496E}.Debug|Any CPU.Build.0 = Debug|Any CPU
		{A7390F5A-4118-493F-A68F-76EDE06A496E}.Release|Any CPU.ActiveCfg = Release|Any CPU
		{A7390F5A-4118-493F-A68F-76EDE06A496E}.Release|Any CPU.Build.0 = Release|Any CPU
		{3D31441E-5C1C-449A-B079-337C2E5C491A}.Debug|Any CPU.ActiveCfg = Debug|Any CPU
		{3D31441E-5C1C-449A-B079-337C2E5C491A}.Debug|Any CPU.Build.0 = Debug|Any CPU
		{3D31441E-5C1C-449A-B079-337C2E5C491A}.Release|Any CPU.ActiveCfg = Release|Any CPU
		{3D31441E-5C1C-449A-B079-337C2E5C491A}.Release|Any CPU.Build.0 = Release|Any CPU
		{4C7A5FBC-976B-4E94-A52D-1BDF0E89DC16}.Debug|Any CPU.ActiveCfg = Debug|Any CPU
		{4C7A5FBC-976B-4E94-A52D-1BDF0E89DC16}.Debug|Any CPU.Build.0 = Debug|Any CPU
		{4C7A5FBC-976B-4E94-A52D-1BDF0E89DC16}.Release|Any CPU.ActiveCfg = Release|Any CPU
		{4C7A5FBC-976B-4E94-A52D-1BDF0E89DC16}.Release|Any CPU.Build.0 = Release|Any CPU
		{5809DC44-CC5F-4E8E-BACD-9663AD628C98}.Debug|Any CPU.ActiveCfg = Debug|Any CPU
		{5809DC44-CC5F-4E8E-BACD-9663AD628C98}.Debug|Any CPU.Build.0 = Debug|Any CPU
		{5809DC44-CC5F-4E8E-BACD-9663AD628C98}.Release|Any CPU.ActiveCfg = Release|Any CPU
		{5809DC44-CC5F-4E8E-BACD-9663AD628C98}.Release|Any CPU.Build.0 = Release|Any CPU
		{F38EAC3F-225B-48E5-88BA-0CDA8F2F2AFC}.Debug|Any CPU.ActiveCfg = Debug|Any CPU
		{F38EAC3F-225B-48E5-88BA-0CDA8F2F2AFC}.Debug|Any CPU.Build.0 = Debug|Any CPU
		{F38EAC3F-225B-48E5-88BA-0CDA8F2F2AFC}.Release|Any CPU.ActiveCfg = Release|Any CPU
		{F38EAC3F-225B-48E5-88BA-0CDA8F2F2AFC}.Release|Any CPU.Build.0 = Release|Any CPU
		{75A12810-7FA2-4DFA-AEA8-A54515EADF63}.Debug|Any CPU.ActiveCfg = Debug|Any CPU
		{75A12810-7FA2-4DFA-AEA8-A54515EADF63}.Debug|Any CPU.Build.0 = Debug|Any CPU
		{75A12810-7FA2-4DFA-AEA8-A54515EADF63}.Release|Any CPU.ActiveCfg = Release|Any CPU
		{75A12810-7FA2-4DFA-AEA8-A54515EADF63}.Release|Any CPU.Build.0 = Release|Any CPU
		{46E321AE-ADBA-45FC-87FB-16BA705FFDFE}.Debug|Any CPU.ActiveCfg = Debug|Any CPU
		{46E321AE-ADBA-45FC-87FB-16BA705FFDFE}.Debug|Any CPU.Build.0 = Debug|Any CPU
		{46E321AE-ADBA-45FC-87FB-16BA705FFDFE}.Release|Any CPU.ActiveCfg = Release|Any CPU
		{46E321AE-ADBA-45FC-87FB-16BA705FFDFE}.Release|Any CPU.Build.0 = Release|Any CPU
		{798C3B99-3AB5-4F2B-9A6B-9EEEF8DEB4B0}.Debug|Any CPU.ActiveCfg = Debug|Any CPU
		{798C3B99-3AB5-4F2B-9A6B-9EEEF8DEB4B0}.Debug|Any CPU.Build.0 = Debug|Any CPU
		{798C3B99-3AB5-4F2B-9A6B-9EEEF8DEB4B0}.Release|Any CPU.ActiveCfg = Release|Any CPU
		{798C3B99-3AB5-4F2B-9A6B-9EEEF8DEB4B0}.Release|Any CPU.Build.0 = Release|Any CPU
		{7D783361-53D3-490A-9D4B-E1268A8990A9}.Debug|Any CPU.ActiveCfg = Debug|Any CPU
		{7D783361-53D3-490A-9D4B-E1268A8990A9}.Debug|Any CPU.Build.0 = Debug|Any CPU
		{7D783361-53D3-490A-9D4B-E1268A8990A9}.Release|Any CPU.ActiveCfg = Release|Any CPU
		{7D783361-53D3-490A-9D4B-E1268A8990A9}.Release|Any CPU.Build.0 = Release|Any CPU
	EndGlobalSection
	GlobalSection(SolutionProperties) = preSolution
		HideSolutionNode = FALSE
	EndGlobalSection
	GlobalSection(NestedProjects) = preSolution
		{41039CCB-F9D9-4ED8-BBE0-6CDEA752DAF5} = {FDF5CEFB-7E88-448F-B198-C0864C65C231}
		{9262F2EF-39E2-4BA0-85C4-C7225D3690D5} = {FDF5CEFB-7E88-448F-B198-C0864C65C231}
		{1BACEE81-C0DB-4239-9AD6-DF5EF0B0D30D} = {FDF5CEFB-7E88-448F-B198-C0864C65C231}
		{8E2C4B6C-3FC1-4F20-B34C-DD4A3634E9BF} = {5955729C-21F7-493D-9F03-B133399B7630}
		{F391B4EF-E010-49E9-83E9-8C0CBF178FFA} = {5955729C-21F7-493D-9F03-B133399B7630}
		{2C647D9F-C10C-4AFD-9970-BBB4EA234859} = {5955729C-21F7-493D-9F03-B133399B7630}
		{406B2D33-81AB-4863-B12F-C57095B5A24E} = {885EFC12-578A-4898-957F-115FC6C9260A}
		{390A25B9-7592-4016-BC0D-E798C753016C} = {885EFC12-578A-4898-957F-115FC6C9260A}
		{E424EF9F-D9BB-4C5F-86A3-8CAA89E09014} = {885EFC12-578A-4898-957F-115FC6C9260A}
		{DF6EC8E6-ECAA-409A-B9C8-129CAC3466C1} = {DB682B6A-1AAC-4E9F-8B79-7E26A798A173}
		{720E4B4A-37E1-4423-8A98-0BDD7C303365} = {DB682B6A-1AAC-4E9F-8B79-7E26A798A173}
		{DCBA3B0E-0383-49AF-BC60-A7CC3017172B} = {DB682B6A-1AAC-4E9F-8B79-7E26A798A173}
		{A7390F5A-4118-493F-A68F-76EDE06A496E} = {FE54205B-C723-4D6D-A570-7DE1D91EBF02}
		{3D31441E-5C1C-449A-B079-337C2E5C491A} = {FE54205B-C723-4D6D-A570-7DE1D91EBF02}
		{4C7A5FBC-976B-4E94-A52D-1BDF0E89DC16} = {FE54205B-C723-4D6D-A570-7DE1D91EBF02}
		{5809DC44-CC5F-4E8E-BACD-9663AD628C98} = {BE71F314-FDAE-4E3F-9590-58D7F68D94AE}
		{F38EAC3F-225B-48E5-88BA-0CDA8F2F2AFC} = {BE71F314-FDAE-4E3F-9590-58D7F68D94AE}
		{75A12810-7FA2-4DFA-AEA8-A54515EADF63} = {BE71F314-FDAE-4E3F-9590-58D7F68D94AE}
		{46E321AE-ADBA-45FC-87FB-16BA705FFDFE} = {9B1496BD-4834-4DF9-905C-D28F7CC1CA8E}
		{798C3B99-3AB5-4F2B-9A6B-9EEEF8DEB4B0} = {9B1496BD-4834-4DF9-905C-D28F7CC1CA8E}
		{7D783361-53D3-490A-9D4B-E1268A8990A9} = {9B1496BD-4834-4DF9-905C-D28F7CC1CA8E}
	EndGlobalSection
	GlobalSection(ExtensibilityGlobals) = postSolution
		SolutionGuid = {9A854114-220F-4327-9322-0887851BE7E8}
	EndGlobalSection
EndGlobal
